
Microsoft Visual Studio Solution File, Format Version 12.00
# Visual Studio Version 17
VisualStudioVersion = 17.3.32825.248
MinimumVisualStudioVersion = 10.0.40219.1
Project("{FAE04EC0-301F-11D3-BF4B-00C04F79EFBC}") = "AppCitas.service", "AppCitas.service.csproj", "{0ABD41EE-6D20-43A2-8EF7-C31647C7D0D3}"
EndProject
Global
	GlobalSection(SolutionConfigurationPlatforms) = preSolution
		Debug|Any CPU = Debug|Any CPU
		Release|Any CPU = Release|Any CPU
	EndGlobalSection
	GlobalSection(ProjectConfigurationPlatforms) = postSolution
		{0ABD41EE-6D20-43A2-8EF7-C31647C7D0D3}.Debug|Any CPU.ActiveCfg = Debug|Any CPU
		{0ABD41EE-6D20-43A2-8EF7-C31647C7D0D3}.Debug|Any CPU.Build.0 = Debug|Any CPU
		{0ABD41EE-6D20-43A2-8EF7-C31647C7D0D3}.Release|Any CPU.ActiveCfg = Release|Any CPU
		{0ABD41EE-6D20-43A2-8EF7-C31647C7D0D3}.Release|Any CPU.Build.0 = Release|Any CPU
	EndGlobalSection
	GlobalSection(SolutionProperties) = preSolution
		HideSolutionNode = FALSE
	EndGlobalSection
	GlobalSection(ExtensibilityGlobals) = postSolution
		SolutionGuid = {C649388A-A365-4A76-B502-78D1E27529D6}
	EndGlobalSection
EndGlobal
